// !$*UTF8*$!
{
	archiveVersion = 1;
	classes = {
	};
	objectVersion = 60;
	objects = {

/* Begin PBXBuildFile section */
		D2D3C6402C372420000F5E7C /* UIView+Extensions.swift in Sources */ = {isa = PBXBuildFile; fileRef = D2D3C63F2C372420000F5E7C /* UIView+Extensions.swift */; };
		D2D3C6422C372754000F5E7C /* Button+Extensions.swift in Sources */ = {isa = PBXBuildFile; fileRef = D2D3C6412C372754000F5E7C /* Button+Extensions.swift */; };
		D2D3C6442C3730ED000F5E7C /* UITextField+Extensions.swift in Sources */ = {isa = PBXBuildFile; fileRef = D2D3C6432C3730ED000F5E7C /* UITextField+Extensions.swift */; };
		D2D3C6462C373310000F5E7C /* UITextView+Extensions.swift in Sources */ = {isa = PBXBuildFile; fileRef = D2D3C6452C373310000F5E7C /* UITextView+Extensions.swift */; };
		D2D3C6482C373391000F5E7C /* UIViewController+Extensions.swift in Sources */ = {isa = PBXBuildFile; fileRef = D2D3C6472C373391000F5E7C /* UIViewController+Extensions.swift */; };
		D2D3C64B2C374A23000F5E7C /* HomeViewController.swift in Sources */ = {isa = PBXBuildFile; fileRef = D2D3C64A2C374A23000F5E7C /* HomeViewController.swift */; };
		D2D3C64E2C375C16000F5E7C /* RegisterViewController.swift in Sources */ = {isa = PBXBuildFile; fileRef = D2D3C64D2C375C16000F5E7C /* RegisterViewController.swift */; };
		D2D3C6512C376AFA000F5E7C /* AppNavCoordinator.swift in Sources */ = {isa = PBXBuildFile; fileRef = D2D3C6502C376AFA000F5E7C /* AppNavCoordinator.swift */; };
		D2D3C6542C386B24000F5E7C /* ConfigurationError.swift in Sources */ = {isa = PBXBuildFile; fileRef = D2D3C6532C386B24000F5E7C /* ConfigurationError.swift */; };
		D2D3C6562C386B54000F5E7C /* FormError.swift in Sources */ = {isa = PBXBuildFile; fileRef = D2D3C6552C386B54000F5E7C /* FormError.swift */; };
		D2D3C6582C386B87000F5E7C /* KeychainError.swift in Sources */ = {isa = PBXBuildFile; fileRef = D2D3C6572C386B87000F5E7C /* KeychainError.swift */; };
		D2D3C65A2C386BB7000F5E7C /* NetworkError.swift in Sources */ = {isa = PBXBuildFile; fileRef = D2D3C6592C386BB7000F5E7C /* NetworkError.swift */; };
		D2D3C65D2C386DA5000F5E7C /* AccessToken.swift in Sources */ = {isa = PBXBuildFile; fileRef = D2D3C65C2C386DA5000F5E7C /* AccessToken.swift */; };
		D2D3C65F2C386E8E000F5E7C /* AccessTokenStorage.swift in Sources */ = {isa = PBXBuildFile; fileRef = D2D3C65E2C386E8E000F5E7C /* AccessTokenStorage.swift */; };
		D2D3C6622C387483000F5E7C /* SecureFetchData.swift in Sources */ = {isa = PBXBuildFile; fileRef = D2D3C6612C387483000F5E7C /* SecureFetchData.swift */; };
		D2D3C6642C387A97000F5E7C /* NetworkHandler.swift in Sources */ = {isa = PBXBuildFile; fileRef = D2D3C6632C387A97000F5E7C /* NetworkHandler.swift */; };
		D2D3C6662C3AF11F000F5E7C /* NetworkRoutes.swift in Sources */ = {isa = PBXBuildFile; fileRef = D2D3C6652C3AF11F000F5E7C /* NetworkRoutes.swift */; };
		D2D3C6682C3AF2EA000F5E7C /* RegisterViewModel.swift in Sources */ = {isa = PBXBuildFile; fileRef = D2D3C6672C3AF2EA000F5E7C /* RegisterViewModel.swift */; };
		D2D3C66A2C3AFA2D000F5E7C /* LoginViewModel.swift in Sources */ = {isa = PBXBuildFile; fileRef = D2D3C6692C3AFA2D000F5E7C /* LoginViewModel.swift */; };
		D2D3C66C2C3B0826000F5E7C /* HomeViewModel.swift in Sources */ = {isa = PBXBuildFile; fileRef = D2D3C66B2C3B0826000F5E7C /* HomeViewModel.swift */; };
		D2D941B92C35FED2002A8678 /* AppDelegate.swift in Sources */ = {isa = PBXBuildFile; fileRef = D2D941B82C35FED2002A8678 /* AppDelegate.swift */; };
		D2D941C22C35FED4002A8678 /* Assets.xcassets in Resources */ = {isa = PBXBuildFile; fileRef = D2D941C12C35FED4002A8678 /* Assets.xcassets */; };
		D2D941C52C35FED5002A8678 /* Base in Resources */ = {isa = PBXBuildFile; fileRef = D2D941C42C35FED5002A8678 /* Base */; };
		D2D941EC2C36002F002A8678 /* LoginViewController.swift in Sources */ = {isa = PBXBuildFile; fileRef = D2D941EB2C36002F002A8678 /* LoginViewController.swift */; };
/* End PBXBuildFile section */

/* Begin PBXFileReference section */
		D2D3C63F2C372420000F5E7C /* UIView+Extensions.swift */ = {isa = PBXFileReference; lastKnownFileType = sourcecode.swift; path = "UIView+Extensions.swift"; sourceTree = "<group>"; };
		D2D3C6412C372754000F5E7C /* Button+Extensions.swift */ = {isa = PBXFileReference; lastKnownFileType = sourcecode.swift; path = "Button+Extensions.swift"; sourceTree = "<group>"; };
		D2D3C6432C3730ED000F5E7C /* UITextField+Extensions.swift */ = {isa = PBXFileReference; lastKnownFileType = sourcecode.swift; path = "UITextField+Extensions.swift"; sourceTree = "<group>"; };
		D2D3C6452C373310000F5E7C /* UITextView+Extensions.swift */ = {isa = PBXFileReference; lastKnownFileType = sourcecode.swift; path = "UITextView+Extensions.swift"; sourceTree = "<group>"; };
		D2D3C6472C373391000F5E7C /* UIViewController+Extensions.swift */ = {isa = PBXFileReference; lastKnownFileType = sourcecode.swift; path = "UIViewController+Extensions.swift"; sourceTree = "<group>"; };
		D2D3C64A2C374A23000F5E7C /* HomeViewController.swift */ = {isa = PBXFileReference; lastKnownFileType = sourcecode.swift; path = HomeViewController.swift; sourceTree = "<group>"; };
		D2D3C64D2C375C16000F5E7C /* RegisterViewController.swift */ = {isa = PBXFileReference; lastKnownFileType = sourcecode.swift; path = RegisterViewController.swift; sourceTree = "<group>"; };
		D2D3C6502C376AFA000F5E7C /* AppNavCoordinator.swift */ = {isa = PBXFileReference; lastKnownFileType = sourcecode.swift; path = AppNavCoordinator.swift; sourceTree = "<group>"; };
		D2D3C6532C386B24000F5E7C /* ConfigurationError.swift */ = {isa = PBXFileReference; lastKnownFileType = sourcecode.swift; path = ConfigurationError.swift; sourceTree = "<group>"; };
		D2D3C6552C386B54000F5E7C /* FormError.swift */ = {isa = PBXFileReference; lastKnownFileType = sourcecode.swift; path = FormError.swift; sourceTree = "<group>"; };
		D2D3C6572C386B87000F5E7C /* KeychainError.swift */ = {isa = PBXFileReference; lastKnownFileType = sourcecode.swift; path = KeychainError.swift; sourceTree = "<group>"; };
		D2D3C6592C386BB7000F5E7C /* NetworkError.swift */ = {isa = PBXFileReference; lastKnownFileType = sourcecode.swift; path = NetworkError.swift; sourceTree = "<group>"; };
		D2D3C65C2C386DA5000F5E7C /* AccessToken.swift */ = {isa = PBXFileReference; lastKnownFileType = sourcecode.swift; path = AccessToken.swift; sourceTree = "<group>"; };
		D2D3C65E2C386E8E000F5E7C /* AccessTokenStorage.swift */ = {isa = PBXFileReference; lastKnownFileType = sourcecode.swift; path = AccessTokenStorage.swift; sourceTree = "<group>"; };
		D2D3C6612C387483000F5E7C /* SecureFetchData.swift */ = {isa = PBXFileReference; lastKnownFileType = sourcecode.swift; path = SecureFetchData.swift; sourceTree = "<group>"; };
		D2D3C6632C387A97000F5E7C /* NetworkHandler.swift */ = {isa = PBXFileReference; lastKnownFileType = sourcecode.swift; path = NetworkHandler.swift; sourceTree = "<group>"; };
		D2D3C6652C3AF11F000F5E7C /* NetworkRoutes.swift */ = {isa = PBXFileReference; lastKnownFileType = sourcecode.swift; path = NetworkRoutes.swift; sourceTree = "<group>"; };
		D2D3C6672C3AF2EA000F5E7C /* RegisterViewModel.swift */ = {isa = PBXFileReference; lastKnownFileType = sourcecode.swift; path = RegisterViewModel.swift; sourceTree = "<group>"; };
		D2D3C6692C3AFA2D000F5E7C /* LoginViewModel.swift */ = {isa = PBXFileReference; lastKnownFileType = sourcecode.swift; path = LoginViewModel.swift; sourceTree = "<group>"; };
		D2D3C66B2C3B0826000F5E7C /* HomeViewModel.swift */ = {isa = PBXFileReference; lastKnownFileType = sourcecode.swift; path = HomeViewModel.swift; sourceTree = "<group>"; };
		D2D941B52C35FED2002A8678 /* iOS Auth Handling UIKit.app */ = {isa = PBXFileReference; explicitFileType = wrapper.application; includeInIndex = 0; path = "iOS Auth Handling UIKit.app"; sourceTree = BUILT_PRODUCTS_DIR; };
		D2D941B82C35FED2002A8678 /* AppDelegate.swift */ = {isa = PBXFileReference; lastKnownFileType = sourcecode.swift; path = AppDelegate.swift; sourceTree = "<group>"; };
		D2D941C12C35FED4002A8678 /* Assets.xcassets */ = {isa = PBXFileReference; lastKnownFileType = folder.assetcatalog; path = Assets.xcassets; sourceTree = "<group>"; };
		D2D941C42C35FED5002A8678 /* Base */ = {isa = PBXFileReference; lastKnownFileType = file.storyboard; name = Base; path = Base.lproj/LaunchScreen.storyboard; sourceTree = "<group>"; };
		D2D941C62C35FED5002A8678 /* Info.plist */ = {isa = PBXFileReference; lastKnownFileType = text.plist.xml; path = Info.plist; sourceTree = "<group>"; };
		D2D941EB2C36002F002A8678 /* LoginViewController.swift */ = {isa = PBXFileReference; lastKnownFileType = sourcecode.swift; path = LoginViewController.swift; sourceTree = "<group>"; };
/* End PBXFileReference section */

/* Begin PBXFrameworksBuildPhase section */
		D2D941B22C35FED2002A8678 /* Frameworks */ = {
			isa = PBXFrameworksBuildPhase;
			buildActionMask = 2147483647;
			files = (
			);
			runOnlyForDeploymentPostprocessing = 0;
		};
/* End PBXFrameworksBuildPhase section */

/* Begin PBXGroup section */
		D2D3C63E2C3723A8000F5E7C /* Extensions */ = {
			isa = PBXGroup;
			children = (
				D2D3C6412C372754000F5E7C /* Button+Extensions.swift */,
				D2D3C6432C3730ED000F5E7C /* UITextField+Extensions.swift */,
				D2D3C6452C373310000F5E7C /* UITextView+Extensions.swift */,
				D2D3C63F2C372420000F5E7C /* UIView+Extensions.swift */,
				D2D3C6472C373391000F5E7C /* UIViewController+Extensions.swift */,
			);
			path = Extensions;
			sourceTree = "<group>";
		};
		D2D3C6492C374A13000F5E7C /* Home */ = {
			isa = PBXGroup;
			children = (
				D2D3C64A2C374A23000F5E7C /* HomeViewController.swift */,
				D2D3C66B2C3B0826000F5E7C /* HomeViewModel.swift */,
			);
			path = Home;
			sourceTree = "<group>";
		};
		D2D3C64C2C375BDA000F5E7C /* Register */ = {
			isa = PBXGroup;
			children = (
				D2D3C64D2C375C16000F5E7C /* RegisterViewController.swift */,
				D2D3C6672C3AF2EA000F5E7C /* RegisterViewModel.swift */,
			);
			path = Register;
			sourceTree = "<group>";
		};
		D2D3C64F2C376ADC000F5E7C /* Nav Coordinator */ = {
			isa = PBXGroup;
			children = (
				D2D3C6502C376AFA000F5E7C /* AppNavCoordinator.swift */,
			);
			path = "Nav Coordinator";
			sourceTree = "<group>";
		};
		D2D3C6522C386AF7000F5E7C /* Errors */ = {
			isa = PBXGroup;
			children = (
				D2D3C6532C386B24000F5E7C /* ConfigurationError.swift */,
				D2D3C6552C386B54000F5E7C /* FormError.swift */,
				D2D3C6572C386B87000F5E7C /* KeychainError.swift */,
				D2D3C6592C386BB7000F5E7C /* NetworkError.swift */,
			);
			path = Errors;
			sourceTree = "<group>";
		};
		D2D3C65B2C386D7E000F5E7C /* System */ = {
			isa = PBXGroup;
			children = (
				D2D3C65C2C386DA5000F5E7C /* AccessToken.swift */,
				D2D3C65E2C386E8E000F5E7C /* AccessTokenStorage.swift */,
			);
			path = System;
			sourceTree = "<group>";
		};
		D2D3C6602C387473000F5E7C /* Network */ = {
			isa = PBXGroup;
			children = (
				D2D3C6632C387A97000F5E7C /* NetworkHandler.swift */,
				D2D3C6612C387483000F5E7C /* SecureFetchData.swift */,
			);
			path = Network;
			sourceTree = "<group>";
		};
		D2D941AC2C35FED2002A8678 = {
			isa = PBXGroup;
			children = (
				D2D941B72C35FED2002A8678 /* iOS Auth Handling UIKit */,
				D2D941B62C35FED2002A8678 /* Products */,
			);
			sourceTree = "<group>";
		};
		D2D941B62C35FED2002A8678 /* Products */ = {
			isa = PBXGroup;
			children = (
				D2D941B52C35FED2002A8678 /* iOS Auth Handling UIKit.app */,
			);
			name = Products;
			sourceTree = "<group>";
		};
		D2D941B72C35FED2002A8678 /* iOS Auth Handling UIKit */ = {
			isa = PBXGroup;
			children = (
				D2D941B82C35FED2002A8678 /* AppDelegate.swift */,
				D2D3C6652C3AF11F000F5E7C /* NetworkRoutes.swift */,
				D2D941C12C35FED4002A8678 /* Assets.xcassets */,
				D2D941C62C35FED5002A8678 /* Info.plist */,
				D2D941C32C35FED5002A8678 /* LaunchScreen.storyboard */,
				D2D3C63E2C3723A8000F5E7C /* Extensions */,
				D2D3C6522C386AF7000F5E7C /* Errors */,
				D2D941E92C35FF90002A8678 /* Model Layer */,
				D2D3C64F2C376ADC000F5E7C /* Nav Coordinator */,
				D2D941E82C35FF84002A8678 /* Screens */,
			);
			path = "iOS Auth Handling UIKit";
			sourceTree = "<group>";
		};
		D2D941E82C35FF84002A8678 /* Screens */ = {
			isa = PBXGroup;
			children = (
				D2D3C6492C374A13000F5E7C /* Home */,
				D2D941ED2C36004A002A8678 /* Login */,
				D2D3C64C2C375BDA000F5E7C /* Register */,
			);
			path = Screens;
			sourceTree = "<group>";
		};
		D2D941E92C35FF90002A8678 /* Model Layer */ = {
			isa = PBXGroup;
			children = (
				D2D3C6602C387473000F5E7C /* Network */,
				D2D3C65B2C386D7E000F5E7C /* System */,
			);
			path = "Model Layer";
			sourceTree = "<group>";
		};
		D2D941ED2C36004A002A8678 /* Login */ = {
			isa = PBXGroup;
			children = (
				D2D941EB2C36002F002A8678 /* LoginViewController.swift */,
				D2D3C6692C3AFA2D000F5E7C /* LoginViewModel.swift */,
			);
			path = Login;
			sourceTree = "<group>";
		};
/* End PBXGroup section */

/* Begin PBXNativeTarget section */
		D2D941B42C35FED2002A8678 /* iOS Auth Handling UIKit */ = {
			isa = PBXNativeTarget;
			buildConfigurationList = D2D941DF2C35FED5002A8678 /* Build configuration list for PBXNativeTarget "iOS Auth Handling UIKit" */;
			buildPhases = (
				D2D941B12C35FED2002A8678 /* Sources */,
				D2D941B22C35FED2002A8678 /* Frameworks */,
				D2D941B32C35FED2002A8678 /* Resources */,
			);
			buildRules = (
			);
			dependencies = (
			);
			name = "iOS Auth Handling UIKit";
			productName = "iOS Auth Handling UIKit";
			productReference = D2D941B52C35FED2002A8678 /* iOS Auth Handling UIKit.app */;
			productType = "com.apple.product-type.application";
		};
/* End PBXNativeTarget section */

/* Begin PBXProject section */
		D2D941AD2C35FED2002A8678 /* Project object */ = {
			isa = PBXProject;
			attributes = {
				BuildIndependentTargetsInParallel = 1;
				LastSwiftUpdateCheck = 1600;
				LastUpgradeCheck = 1600;
				TargetAttributes = {
					D2D941B42C35FED2002A8678 = {
						CreatedOnToolsVersion = 16.0;
					};
				};
			};
			buildConfigurationList = D2D941B02C35FED2002A8678 /* Build configuration list for PBXProject "iOS Auth Handling UIKit" */;
			compatibilityVersion = "Xcode 15.0";
			developmentRegion = en;
			hasScannedForEncodings = 0;
			knownRegions = (
				en,
				Base,
			);
			mainGroup = D2D941AC2C35FED2002A8678;
			productRefGroup = D2D941B62C35FED2002A8678 /* Products */;
			projectDirPath = "";
			projectRoot = "";
			targets = (
				D2D941B42C35FED2002A8678 /* iOS Auth Handling UIKit */,
			);
		};
/* End PBXProject section */

/* Begin PBXResourcesBuildPhase section */
		D2D941B32C35FED2002A8678 /* Resources */ = {
			isa = PBXResourcesBuildPhase;
			buildActionMask = 2147483647;
			files = (
				D2D941C22C35FED4002A8678 /* Assets.xcassets in Resources */,
				D2D941C52C35FED5002A8678 /* Base in Resources */,
			);
			runOnlyForDeploymentPostprocessing = 0;
		};
/* End PBXResourcesBuildPhase section */

/* Begin PBXSourcesBuildPhase section */
		D2D941B12C35FED2002A8678 /* Sources */ = {
			isa = PBXSourcesBuildPhase;
			buildActionMask = 2147483647;
			files = (
				D2D3C64E2C375C16000F5E7C /* RegisterViewController.swift in Sources */,
				D2D3C66C2C3B0826000F5E7C /* HomeViewModel.swift in Sources */,
				D2D3C65A2C386BB7000F5E7C /* NetworkError.swift in Sources */,
				D2D3C6402C372420000F5E7C /* UIView+Extensions.swift in Sources */,
				D2D3C6462C373310000F5E7C /* UITextView+Extensions.swift in Sources */,
				D2D3C6542C386B24000F5E7C /* ConfigurationError.swift in Sources */,
				D2D3C6562C386B54000F5E7C /* FormError.swift in Sources */,
				D2D3C6622C387483000F5E7C /* SecureFetchData.swift in Sources */,
				D2D3C6422C372754000F5E7C /* Button+Extensions.swift in Sources */,
				D2D3C6662C3AF11F000F5E7C /* NetworkRoutes.swift in Sources */,
				D2D3C6512C376AFA000F5E7C /* AppNavCoordinator.swift in Sources */,
				D2D3C64B2C374A23000F5E7C /* HomeViewController.swift in Sources */,
				D2D3C6682C3AF2EA000F5E7C /* RegisterViewModel.swift in Sources */,
				D2D3C6582C386B87000F5E7C /* KeychainError.swift in Sources */,
				D2D3C6482C373391000F5E7C /* UIViewController+Extensions.swift in Sources */,
				D2D3C65F2C386E8E000F5E7C /* AccessTokenStorage.swift in Sources */,
				D2D941EC2C36002F002A8678 /* LoginViewController.swift in Sources */,
				D2D3C6442C3730ED000F5E7C /* UITextField+Extensions.swift in Sources */,
				D2D941B92C35FED2002A8678 /* AppDelegate.swift in Sources */,
				D2D3C65D2C386DA5000F5E7C /* AccessToken.swift in Sources */,
				D2D3C6642C387A97000F5E7C /* NetworkHandler.swift in Sources */,
				D2D3C66A2C3AFA2D000F5E7C /* LoginViewModel.swift in Sources */,
			);
			runOnlyForDeploymentPostprocessing = 0;
		};
/* End PBXSourcesBuildPhase section */

/* Begin PBXVariantGroup section */
		D2D941C32C35FED5002A8678 /* LaunchScreen.storyboard */ = {
			isa = PBXVariantGroup;
			children = (
				D2D941C42C35FED5002A8678 /* Base */,
			);
			name = LaunchScreen.storyboard;
			sourceTree = "<group>";
		};
/* End PBXVariantGroup section */

/* Begin XCBuildConfiguration section */
		D2D941DD2C35FED5002A8678 /* Debug */ = {
			isa = XCBuildConfiguration;
			buildSettings = {
				ALWAYS_SEARCH_USER_PATHS = NO;
				ASSETCATALOG_COMPILER_GENERATE_SWIFT_ASSET_SYMBOL_EXTENSIONS = YES;
				CLANG_ANALYZER_NONNULL = YES;
				CLANG_ANALYZER_NUMBER_OBJECT_CONVERSION = YES_AGGRESSIVE;
				CLANG_CXX_LANGUAGE_STANDARD = "gnu++20";
				CLANG_ENABLE_MODULES = YES;
				CLANG_ENABLE_OBJC_ARC = YES;
				CLANG_ENABLE_OBJC_WEAK = YES;
				CLANG_WARN_BLOCK_CAPTURE_AUTORELEASING = YES;
				CLANG_WARN_BOOL_CONVERSION = YES;
				CLANG_WARN_COMMA = YES;
				CLANG_WARN_CONSTANT_CONVERSION = YES;
				CLANG_WARN_DEPRECATED_OBJC_IMPLEMENTATIONS = YES;
				CLANG_WARN_DIRECT_OBJC_ISA_USAGE = YES_ERROR;
				CLANG_WARN_DOCUMENTATION_COMMENTS = YES;
				CLANG_WARN_EMPTY_BODY = YES;
				CLANG_WARN_ENUM_CONVERSION = YES;
				CLANG_WARN_INFINITE_RECURSION = YES;
				CLANG_WARN_INT_CONVERSION = YES;
				CLANG_WARN_NON_LITERAL_NULL_CONVERSION = YES;
				CLANG_WARN_OBJC_IMPLICIT_RETAIN_SELF = YES;
				CLANG_WARN_OBJC_LITERAL_CONVERSION = YES;
				CLANG_WARN_OBJC_ROOT_CLASS = YES_ERROR;
				CLANG_WARN_QUOTED_INCLUDE_IN_FRAMEWORK_HEADER = YES;
				CLANG_WARN_RANGE_LOOP_ANALYSIS = YES;
				CLANG_WARN_STRICT_PROTOTYPES = YES;
				CLANG_WARN_SUSPICIOUS_MOVE = YES;
				CLANG_WARN_UNGUARDED_AVAILABILITY = YES_AGGRESSIVE;
				CLANG_WARN_UNREACHABLE_CODE = YES;
				CLANG_WARN__DUPLICATE_METHOD_MATCH = YES;
				COPY_PHASE_STRIP = NO;
				DEBUG_INFORMATION_FORMAT = dwarf;
				ENABLE_STRICT_OBJC_MSGSEND = YES;
				ENABLE_TESTABILITY = YES;
				ENABLE_USER_SCRIPT_SANDBOXING = YES;
				GCC_C_LANGUAGE_STANDARD = gnu17;
				GCC_DYNAMIC_NO_PIC = NO;
				GCC_NO_COMMON_BLOCKS = YES;
				GCC_OPTIMIZATION_LEVEL = 0;
				GCC_PREPROCESSOR_DEFINITIONS = (
					"DEBUG=1",
					"$(inherited)",
				);
				GCC_WARN_64_TO_32_BIT_CONVERSION = YES;
				GCC_WARN_ABOUT_RETURN_TYPE = YES_ERROR;
				GCC_WARN_UNDECLARED_SELECTOR = YES;
				GCC_WARN_UNINITIALIZED_AUTOS = YES_AGGRESSIVE;
				GCC_WARN_UNUSED_FUNCTION = YES;
				GCC_WARN_UNUSED_VARIABLE = YES;
				IPHONEOS_DEPLOYMENT_TARGET = 18.0;
				LOCALIZATION_PREFERS_STRING_CATALOGS = YES;
				MTL_ENABLE_DEBUG_INFO = INCLUDE_SOURCE;
				MTL_FAST_MATH = YES;
				ONLY_ACTIVE_ARCH = YES;
				SDKROOT = iphoneos;
				SWIFT_ACTIVE_COMPILATION_CONDITIONS = "DEBUG $(inherited)";
				SWIFT_OPTIMIZATION_LEVEL = "-Onone";
			};
			name = Debug;
		};
		D2D941DE2C35FED5002A8678 /* Release */ = {
			isa = XCBuildConfiguration;
			buildSettings = {
				ALWAYS_SEARCH_USER_PATHS = NO;
				ASSETCATALOG_COMPILER_GENERATE_SWIFT_ASSET_SYMBOL_EXTENSIONS = YES;
				CLANG_ANALYZER_NONNULL = YES;
				CLANG_ANALYZER_NUMBER_OBJECT_CONVERSION = YES_AGGRESSIVE;
				CLANG_CXX_LANGUAGE_STANDARD = "gnu++20";
				CLANG_ENABLE_MODULES = YES;
				CLANG_ENABLE_OBJC_ARC = YES;
				CLANG_ENABLE_OBJC_WEAK = YES;
				CLANG_WARN_BLOCK_CAPTURE_AUTORELEASING = YES;
				CLANG_WARN_BOOL_CONVERSION = YES;
				CLANG_WARN_COMMA = YES;
				CLANG_WARN_CONSTANT_CONVERSION = YES;
				CLANG_WARN_DEPRECATED_OBJC_IMPLEMENTATIONS = YES;
				CLANG_WARN_DIRECT_OBJC_ISA_USAGE = YES_ERROR;
				CLANG_WARN_DOCUMENTATION_COMMENTS = YES;
				CLANG_WARN_EMPTY_BODY = YES;
				CLANG_WARN_ENUM_CONVERSION = YES;
				CLANG_WARN_INFINITE_RECURSION = YES;
				CLANG_WARN_INT_CONVERSION = YES;
				CLANG_WARN_NON_LITERAL_NULL_CONVERSION = YES;
				CLANG_WARN_OBJC_IMPLICIT_RETAIN_SELF = YES;
				CLANG_WARN_OBJC_LITERAL_CONVERSION = YES;
				CLANG_WARN_OBJC_ROOT_CLASS = YES_ERROR;
				CLANG_WARN_QUOTED_INCLUDE_IN_FRAMEWORK_HEADER = YES;
				CLANG_WARN_RANGE_LOOP_ANALYSIS = YES;
				CLANG_WARN_STRICT_PROTOTYPES = YES;
				CLANG_WARN_SUSPICIOUS_MOVE = YES;
				CLANG_WARN_UNGUARDED_AVAILABILITY = YES_AGGRESSIVE;
				CLANG_WARN_UNREACHABLE_CODE = YES;
				CLANG_WARN__DUPLICATE_METHOD_MATCH = YES;
				COPY_PHASE_STRIP = NO;
				DEBUG_INFORMATION_FORMAT = "dwarf-with-dsym";
				ENABLE_NS_ASSERTIONS = NO;
				ENABLE_STRICT_OBJC_MSGSEND = YES;
				ENABLE_USER_SCRIPT_SANDBOXING = YES;
				GCC_C_LANGUAGE_STANDARD = gnu17;
				GCC_NO_COMMON_BLOCKS = YES;
				GCC_WARN_64_TO_32_BIT_CONVERSION = YES;
				GCC_WARN_ABOUT_RETURN_TYPE = YES_ERROR;
				GCC_WARN_UNDECLARED_SELECTOR = YES;
				GCC_WARN_UNINITIALIZED_AUTOS = YES_AGGRESSIVE;
				GCC_WARN_UNUSED_FUNCTION = YES;
				GCC_WARN_UNUSED_VARIABLE = YES;
				IPHONEOS_DEPLOYMENT_TARGET = 18.0;
				LOCALIZATION_PREFERS_STRING_CATALOGS = YES;
				MTL_ENABLE_DEBUG_INFO = NO;
				MTL_FAST_MATH = YES;
				SDKROOT = iphoneos;
				SWIFT_COMPILATION_MODE = wholemodule;
				VALIDATE_PRODUCT = YES;
			};
			name = Release;
		};
		D2D941E02C35FED5002A8678 /* Debug */ = {
			isa = XCBuildConfiguration;
			buildSettings = {
				ASSETCATALOG_COMPILER_APPICON_NAME = AppIcon;
				ASSETCATALOG_COMPILER_GLOBAL_ACCENT_COLOR_NAME = AccentColor;
				CODE_SIGN_STYLE = Automatic;
				CURRENT_PROJECT_VERSION = 1;
				DEVELOPMENT_TEAM = F7Y28W8BSK;
				GENERATE_INFOPLIST_FILE = YES;
				INFOPLIST_FILE = "iOS Auth Handling UIKit/Info.plist";
				INFOPLIST_KEY_UIApplicationSupportsIndirectInputEvents = YES;
				INFOPLIST_KEY_UILaunchStoryboardName = LaunchScreen;
				INFOPLIST_KEY_UISupportedInterfaceOrientations_iPad = "UIInterfaceOrientationPortrait UIInterfaceOrientationPortraitUpsideDown UIInterfaceOrientationLandscapeLeft UIInterfaceOrientationLandscapeRight";
				INFOPLIST_KEY_UISupportedInterfaceOrientations_iPhone = "UIInterfaceOrientationPortrait UIInterfaceOrientationLandscapeLeft UIInterfaceOrientationLandscapeRight";
				IPHONEOS_DEPLOYMENT_TARGET = 17.0;
				LD_RUNPATH_SEARCH_PATHS = (
					"$(inherited)",
					"@executable_path/Frameworks",
				);
				MARKETING_VERSION = 1.0;
				PRODUCT_BUNDLE_IDENTIFIER = "com.recker.iOS-Auth-Handling-UIKit";
				PRODUCT_NAME = "$(TARGET_NAME)";
				SWIFT_EMIT_LOC_STRINGS = YES;
				SWIFT_VERSION = 5.0;
				TARGETED_DEVICE_FAMILY = "1,2";
			};
			name = Debug;
		};
		D2D941E12C35FED5002A8678 /* Release */ = {
			isa = XCBuildConfiguration;
			buildSettings = {
				ASSETCATALOG_COMPILER_APPICON_NAME = AppIcon;
				ASSETCATALOG_COMPILER_GLOBAL_ACCENT_COLOR_NAME = AccentColor;
				CODE_SIGN_STYLE = Automatic;
				CURRENT_PROJECT_VERSION = 1;
				DEVELOPMENT_TEAM = F7Y28W8BSK;
				GENERATE_INFOPLIST_FILE = YES;
				INFOPLIST_FILE = "iOS Auth Handling UIKit/Info.plist";
				INFOPLIST_KEY_UIApplicationSupportsIndirectInputEvents = YES;
				INFOPLIST_KEY_UILaunchStoryboardName = LaunchScreen;
				INFOPLIST_KEY_UISupportedInterfaceOrientations_iPad = "UIInterfaceOrientationPortrait UIInterfaceOrientationPortraitUpsideDown UIInterfaceOrientationLandscapeLeft UIInterfaceOrientationLandscapeRight";
				INFOPLIST_KEY_UISupportedInterfaceOrientations_iPhone = "UIInterfaceOrientationPortrait UIInterfaceOrientationLandscapeLeft UIInterfaceOrientationLandscapeRight";
				IPHONEOS_DEPLOYMENT_TARGET = 17.0;
				LD_RUNPATH_SEARCH_PATHS = (
					"$(inherited)",
					"@executable_path/Frameworks",
				);
				MARKETING_VERSION = 1.0;
				PRODUCT_BUNDLE_IDENTIFIER = "com.recker.iOS-Auth-Handling-UIKit";
				PRODUCT_NAME = "$(TARGET_NAME)";
				SWIFT_EMIT_LOC_STRINGS = YES;
				SWIFT_VERSION = 5.0;
				TARGETED_DEVICE_FAMILY = "1,2";
			};
			name = Release;
		};
/* End XCBuildConfiguration section */

/* Begin XCConfigurationList section */
		D2D941B02C35FED2002A8678 /* Build configuration list for PBXProject "iOS Auth Handling UIKit" */ = {
			isa = XCConfigurationList;
			buildConfigurations = (
				D2D941DD2C35FED5002A8678 /* Debug */,
				D2D941DE2C35FED5002A8678 /* Release */,
			);
			defaultConfigurationIsVisible = 0;
			defaultConfigurationName = Release;
		};
		D2D941DF2C35FED5002A8678 /* Build configuration list for PBXNativeTarget "iOS Auth Handling UIKit" */ = {
			isa = XCConfigurationList;
			buildConfigurations = (
				D2D941E02C35FED5002A8678 /* Debug */,
				D2D941E12C35FED5002A8678 /* Release */,
			);
			defaultConfigurationIsVisible = 0;
			defaultConfigurationName = Release;
		};
/* End XCConfigurationList section */
	};
	rootObject = D2D941AD2C35FED2002A8678 /* Project object */;
}
